// !$*UTF8*$!
{
	archiveVersion = 1;
	classes = {
	};
	objectVersion = 46;
	objects = {

/* Begin PBXBuildFile section */
		87DD40801B594527009384B0 /* AppDelegate.swift in Sources */ = {isa = PBXBuildFile; fileRef = 87DD407F1B594527009384B0 /* AppDelegate.swift */; };
		87DD40821B594527009384B0 /* RecordSoundsViewController.swift in Sources */ = {isa = PBXBuildFile; fileRef = 87DD40811B594527009384B0 /* RecordSoundsViewController.swift */; };
		87DD40851B594527009384B0 /* Main.storyboard in Resources */ = {isa = PBXBuildFile; fileRef = 87DD40831B594527009384B0 /* Main.storyboard */; };
		87DD40871B594527009384B0 /* Images.xcassets in Resources */ = {isa = PBXBuildFile; fileRef = 87DD40861B594527009384B0 /* Images.xcassets */; };
		87DD408A1B594527009384B0 /* LaunchScreen.xib in Resources */ = {isa = PBXBuildFile; fileRef = 87DD40881B594527009384B0 /* LaunchScreen.xib */; };
		87DD40961B594527009384B0 /* Pitch_PerfectTests.swift in Sources */ = {isa = PBXBuildFile; fileRef = 87DD40951B594527009384B0 /* Pitch_PerfectTests.swift */; };
		87DD40A21B5A072B009384B0 /* movie_quote.mp3 in Resources */ = {isa = PBXBuildFile; fileRef = 87DD40A11B5A072B009384B0 /* movie_quote.mp3 */; };
		87E27F931B5B4DFE00D3E221 /* PlaySoundsViewController.swift in Sources */ = {isa = PBXBuildFile; fileRef = 87E27F921B5B4DFE00D3E221 /* PlaySoundsViewController.swift */; };
		87E27F951B5B56E700D3E221 /* RecordedAudio.swift in Sources */ = {isa = PBXBuildFile; fileRef = 87E27F941B5B56E700D3E221 /* RecordedAudio.swift */; };
/* End PBXBuildFile section */

/* Begin PBXContainerItemProxy section */
		87DD40901B594527009384B0 /* PBXContainerItemProxy */ = {
			isa = PBXContainerItemProxy;
			containerPortal = 87DD40721B594527009384B0 /* Project object */;
			proxyType = 1;
			remoteGlobalIDString = 87DD40791B594527009384B0;
			remoteInfo = "Pitch Perfect";
		};
/* End PBXContainerItemProxy section */

/* Begin PBXFileReference section */
		87DD407A1B594527009384B0 /* Pitch Perfect.app */ = {isa = PBXFileReference; explicitFileType = wrapper.application; includeInIndex = 0; path = "Pitch Perfect.app"; sourceTree = BUILT_PRODUCTS_DIR; };
		87DD407E1B594527009384B0 /* Info.plist */ = {isa = PBXFileReference; lastKnownFileType = text.plist.xml; path = Info.plist; sourceTree = "<group>"; };
		87DD407F1B594527009384B0 /* AppDelegate.swift */ = {isa = PBXFileReference; lastKnownFileType = sourcecode.swift; path = AppDelegate.swift; sourceTree = "<group>"; };
		87DD40811B594527009384B0 /* RecordSoundsViewController.swift */ = {isa = PBXFileReference; lastKnownFileType = sourcecode.swift; path = RecordSoundsViewController.swift; sourceTree = "<group>"; };
		87DD40841B594527009384B0 /* Base */ = {isa = PBXFileReference; lastKnownFileType = file.storyboard; name = Base; path = Base.lproj/Main.storyboard; sourceTree = "<group>"; };
		87DD40861B594527009384B0 /* Images.xcassets */ = {isa = PBXFileReference; lastKnownFileType = folder.assetcatalog; path = Images.xcassets; sourceTree = "<group>"; };
		87DD40891B594527009384B0 /* Base */ = {isa = PBXFileReference; lastKnownFileType = file.xib; name = Base; path = Base.lproj/LaunchScreen.xib; sourceTree = "<group>"; };
		87DD408F1B594527009384B0 /* Pitch PerfectTests.xctest */ = {isa = PBXFileReference; explicitFileType = wrapper.cfbundle; includeInIndex = 0; path = "Pitch PerfectTests.xctest"; sourceTree = BUILT_PRODUCTS_DIR; };
		87DD40941B594527009384B0 /* Info.plist */ = {isa = PBXFileReference; lastKnownFileType = text.plist.xml; path = Info.plist; sourceTree = "<group>"; };
		87DD40951B594527009384B0 /* Pitch_PerfectTests.swift */ = {isa = PBXFileReference; lastKnownFileType = sourcecode.swift; path = Pitch_PerfectTests.swift; sourceTree = "<group>"; };
		87DD40A11B5A072B009384B0 /* movie_quote.mp3 */ = {isa = PBXFileReference; lastKnownFileType = audio.mp3; path = movie_quote.mp3; sourceTree = "<group>"; };
		87E27F921B5B4DFE00D3E221 /* PlaySoundsViewController.swift */ = {isa = PBXFileReference; fileEncoding = 4; lastKnownFileType = sourcecode.swift; path = PlaySoundsViewController.swift; sourceTree = "<group>"; };
		87E27F941B5B56E700D3E221 /* RecordedAudio.swift */ = {isa = PBXFileReference; fileEncoding = 4; lastKnownFileType = sourcecode.swift; path = RecordedAudio.swift; sourceTree = "<group>"; };
/* End PBXFileReference section */

/* Begin PBXFrameworksBuildPhase section */
		87DD40771B594527009384B0 /* Frameworks */ = {
			isa = PBXFrameworksBuildPhase;
			buildActionMask = 2147483647;
			files = (
			);
			runOnlyForDeploymentPostprocessing = 0;
		};
		87DD408C1B594527009384B0 /* Frameworks */ = {
			isa = PBXFrameworksBuildPhase;
			buildActionMask = 2147483647;
			files = (
			);
			runOnlyForDeploymentPostprocessing = 0;
		};
/* End PBXFrameworksBuildPhase section */

/* Begin PBXGroup section */
		87DD40711B594527009384B0 = {
			isa = PBXGroup;
			children = (
				87DD407C1B594527009384B0 /* Pitch Perfect */,
				87DD40921B594527009384B0 /* Pitch PerfectTests */,
				87DD407B1B594527009384B0 /* Products */,
			);
			sourceTree = "<group>";
		};
		87DD407B1B594527009384B0 /* Products */ = {
			isa = PBXGroup;
			children = (
				87DD407A1B594527009384B0 /* Pitch Perfect.app */,
				87DD408F1B594527009384B0 /* Pitch PerfectTests.xctest */,
			);
			name = Products;
			sourceTree = "<group>";
		};
		87DD407C1B594527009384B0 /* Pitch Perfect */ = {
			isa = PBXGroup;
			children = (
				87DD407F1B594527009384B0 /* AppDelegate.swift */,
				87DD40811B594527009384B0 /* RecordSoundsViewController.swift */,
				87E27F941B5B56E700D3E221 /* RecordedAudio.swift */,
				87E27F921B5B4DFE00D3E221 /* PlaySoundsViewController.swift */,
				87DD40831B594527009384B0 /* Main.storyboard */,
				87DD40A11B5A072B009384B0 /* movie_quote.mp3 */,
				87DD40861B594527009384B0 /* Images.xcassets */,
				87DD40881B594527009384B0 /* LaunchScreen.xib */,
				87DD407D1B594527009384B0 /* Supporting Files */,
			);
			path = "Pitch Perfect";
			sourceTree = "<group>";
		};
		87DD407D1B594527009384B0 /* Supporting Files */ = {
			isa = PBXGroup;
			children = (
				87DD407E1B594527009384B0 /* Info.plist */,
			);
			name = "Supporting Files";
			sourceTree = "<group>";
		};
		87DD40921B594527009384B0 /* Pitch PerfectTests */ = {
			isa = PBXGroup;
			children = (
				87DD40951B594527009384B0 /* Pitch_PerfectTests.swift */,
				87DD40931B594527009384B0 /* Supporting Files */,
			);
			path = "Pitch PerfectTests";
			sourceTree = "<group>";
		};
		87DD40931B594527009384B0 /* Supporting Files */ = {
			isa = PBXGroup;
			children = (
				87DD40941B594527009384B0 /* Info.plist */,
			);
			name = "Supporting Files";
			sourceTree = "<group>";
		};
/* End PBXGroup section */

/* Begin PBXNativeTarget section */
		87DD40791B594527009384B0 /* Pitch Perfect */ = {
			isa = PBXNativeTarget;
			buildConfigurationList = 87DD40991B594527009384B0 /* Build configuration list for PBXNativeTarget "Pitch Perfect" */;
			buildPhases = (
				87DD40761B594527009384B0 /* Sources */,
				87DD40771B594527009384B0 /* Frameworks */,
				87DD40781B594527009384B0 /* Resources */,
			);
			buildRules = (
			);
			dependencies = (
			);
			name = "Pitch Perfect";
			productName = "Pitch Perfect";
			productReference = 87DD407A1B594527009384B0 /* Pitch Perfect.app */;
			productType = "com.apple.product-type.application";
		};
		87DD408E1B594527009384B0 /* Pitch PerfectTests */ = {
			isa = PBXNativeTarget;
			buildConfigurationList = 87DD409C1B594527009384B0 /* Build configuration list for PBXNativeTarget "Pitch PerfectTests" */;
			buildPhases = (
				87DD408B1B594527009384B0 /* Sources */,
				87DD408C1B594527009384B0 /* Frameworks */,
				87DD408D1B594527009384B0 /* Resources */,
			);
			buildRules = (
			);
			dependencies = (
				87DD40911B594527009384B0 /* PBXTargetDependency */,
			);
			name = "Pitch PerfectTests";
			productName = "Pitch PerfectTests";
			productReference = 87DD408F1B594527009384B0 /* Pitch PerfectTests.xctest */;
			productType = "com.apple.product-type.bundle.unit-test";
		};
/* End PBXNativeTarget section */

/* Begin PBXProject section */
		87DD40721B594527009384B0 /* Project object */ = {
			isa = PBXProject;
			attributes = {
				LastUpgradeCheck = 0640;
				ORGANIZATIONNAME = "Adam Cooper";
				TargetAttributes = {
					87DD40791B594527009384B0 = {
						CreatedOnToolsVersion = 6.4;
					};
					87DD408E1B594527009384B0 = {
						CreatedOnToolsVersion = 6.4;
						TestTargetID = 87DD40791B594527009384B0;
					};
				};
			};
			buildConfigurationList = 87DD40751B594527009384B0 /* Build configuration list for PBXProject "Pitch Perfect" */;
			compatibilityVersion = "Xcode 3.2";
			developmentRegion = English;
			hasScannedForEncodings = 0;
			knownRegions = (
				en,
				Base,
			);
			mainGroup = 87DD40711B594527009384B0;
			productRefGroup = 87DD407B1B594527009384B0 /* Products */;
			projectDirPath = "";
			projectRoot = "";
			targets = (
				87DD40791B594527009384B0 /* Pitch Perfect */,
				87DD408E1B594527009384B0 /* Pitch PerfectTests */,
			);
		};
/* End PBXProject section */

/* Begin PBXResourcesBuildPhase section */
		87DD40781B594527009384B0 /* Resources */ = {
			isa = PBXResourcesBuildPhase;
			buildActionMask = 2147483647;
			files = (
				87DD40851B594527009384B0 /* Main.storyboard in Resources */,
				87DD408A1B594527009384B0 /* LaunchScreen.xib in Resources */,
				87DD40A21B5A072B009384B0 /* movie_quote.mp3 in Resources */,
				87DD40871B594527009384B0 /* Images.xcassets in Resources */,
			);
			runOnlyForDeploymentPostprocessing = 0;
		};
		87DD408D1B594527009384B0 /* Resources */ = {
			isa = PBXResourcesBuildPhase;
			buildActionMask = 2147483647;
			files = (
			);
			runOnlyForDeploymentPostprocessing = 0;
		};
/* End PBXResourcesBuildPhase section */

/* Begin PBXSourcesBuildPhase section */
		87DD40761B594527009384B0 /* Sources */ = {
			isa = PBXSourcesBuildPhase;
			buildActionMask = 2147483647;
			files = (
				87E27F951B5B56E700D3E221 /* RecordedAudio.swift in Sources */,
				87DD40821B594527009384B0 /* RecordSoundsViewController.swift in Sources */,
				87E27F931B5B4DFE00D3E221 /* PlaySoundsViewController.swift in Sources */,
				87DD40801B594527009384B0 /* AppDelegate.swift in Sources */,
			);
			runOnlyForDeploymentPostprocessing = 0;
		};
		87DD408B1B594527009384B0 /* Sources */ = {
			isa = PBXSourcesBuildPhase;
			buildActionMask = 2147483647;
			files = (
				87DD40961B594527009384B0 /* Pitch_PerfectTests.swift in Sources */,
			);
			runOnlyForDeploymentPostprocessing = 0;
		};
/* End PBXSourcesBuildPhase section */

/* Begin PBXTargetDependency section */
		87DD40911B594527009384B0 /* PBXTargetDependency */ = {
			isa = PBXTargetDependency;
			target = 87DD40791B594527009384B0 /* Pitch Perfect */;
			targetProxy = 87DD40901B594527009384B0 /* PBXContainerItemProxy */;
		};
/* End PBXTargetDependency section */

/* Begin PBXVariantGroup section */
		87DD40831B594527009384B0 /* Main.storyboard */ = {
			isa = PBXVariantGroup;
			children = (
				87DD40841B594527009384B0 /* Base */,
			);
			name = Main.storyboard;
			sourceTree = "<group>";
		};
		87DD40881B594527009384B0 /* LaunchScreen.xib */ = {
			isa = PBXVariantGroup;
			children = (
				87DD40891B594527009384B0 /* Base */,
			);
			name = LaunchScreen.xib;
			sourceTree = "<group>";
		};
/* End PBXVariantGroup section */

/* Begin XCBuildConfiguration section */
		87DD40971B594527009384B0 /* Debug */ = {
			isa = XCBuildConfiguration;
			buildSettings = {
				ALWAYS_SEARCH_USER_PATHS = NO;
				CLANG_CXX_LANGUAGE_STANDARD = "gnu++0x";
				CLANG_CXX_LIBRARY = "libc++";
				CLANG_ENABLE_MODULES = YES;
				CLANG_ENABLE_OBJC_ARC = YES;
				CLANG_WARN_BOOL_CONVERSION = YES;
				CLANG_WARN_CONSTANT_CONVERSION = YES;
				CLANG_WARN_DIRECT_OBJC_ISA_USAGE = YES_ERROR;
				CLANG_WARN_EMPTY_BODY = YES;
				CLANG_WARN_ENUM_CONVERSION = YES;
				CLANG_WARN_INT_CONVERSION = YES;
				CLANG_WARN_OBJC_ROOT_CLASS = YES_ERROR;
				CLANG_WARN_UNREACHABLE_CODE = YES;
				CLANG_WARN__DUPLICATE_METHOD_MATCH = YES;
				"CODE_SIGN_IDENTITY[sdk=iphoneos*]" = "iPhone Developer";
				COPY_PHASE_STRIP = NO;
				DEBUG_INFORMATION_FORMAT = "dwarf-with-dsym";
				ENABLE_STRICT_OBJC_MSGSEND = YES;
				GCC_C_LANGUAGE_STANDARD = gnu99;
				GCC_DYNAMIC_NO_PIC = NO;
				GCC_NO_COMMON_BLOCKS = YES;
				GCC_OPTIMIZATION_LEVEL = 0;
				GCC_PREPROCESSOR_DEFINITIONS = (
					"DEBUG=1",
					"$(inherited)",
				);
				GCC_SYMBOLS_PRIVATE_EXTERN = NO;
				GCC_WARN_64_TO_32_BIT_CONVERSION = YES;
				GCC_WARN_ABOUT_RETURN_TYPE = YES_ERROR;
				GCC_WARN_UNDECLARED_SELECTOR = YES;
				GCC_WARN_UNINITIALIZED_AUTOS = YES_AGGRESSIVE;
				GCC_WARN_UNUSED_FUNCTION = YES;
				GCC_WARN_UNUSED_VARIABLE = YES;
				IPHONEOS_DEPLOYMENT_TARGET = 8.4;
				MTL_ENABLE_DEBUG_INFO = YES;
				ONLY_ACTIVE_ARCH = YES;
				SDKROOT = iphoneos;
				SWIFT_OPTIMIZATION_LEVEL = "-Onone";
				TARGETED_DEVICE_FAMILY = "1,2";
			};
			name = Debug;
		};
		87DD40981B594527009384B0 /* Release */ = {
			isa = XCBuildConfiguration;
			buildSettings = {
				ALWAYS_SEARCH_USER_PATHS = NO;
				CLANG_CXX_LANGUAGE_STANDARD = "gnu++0x";
				CLANG_CXX_LIBRARY = "libc++";
				CLANG_ENABLE_MODULES = YES;
				CLANG_ENABLE_OBJC_ARC = YES;
				CLANG_WARN_BOOL_CONVERSION = YES;
				CLANG_WARN_CONSTANT_CONVERSION = YES;
				CLANG_WARN_DIRECT_OBJC_ISA_USAGE = YES_ERROR;
				CLANG_WARN_EMPTY_BODY = YES;
				CLANG_WARN_ENUM_CONVERSION = YES;
				CLANG_WARN_INT_CONVERSION = YES;
				CLANG_WARN_OBJC_ROOT_CLASS = YES_ERROR;
				CLANG_WARN_UNREACHABLE_CODE = YES;
				CLANG_WARN__DUPLICATE_METHOD_MATCH = YES;
				"CODE_SIGN_IDENTITY[sdk=iphoneos*]" = "iPhone Developer";
				COPY_PHASE_STRIP = NO;
				DEBUG_INFORMATION_FORMAT = "dwarf-with-dsym";
				ENABLE_NS_ASSERTIONS = NO;
				ENABLE_STRICT_OBJC_MSGSEND = YES;
				GCC_C_LANGUAGE_STANDARD = gnu99;
				GCC_NO_COMMON_BLOCKS = YES;
				GCC_WARN_64_TO_32_BIT_CONVERSION = YES;
				GCC_WARN_ABOUT_RETURN_TYPE = YES_ERROR;
				GCC_WARN_UNDECLARED_SELECTOR = YES;
				GCC_WARN_UNINITIALIZED_AUTOS = YES_AGGRESSIVE;
				GCC_WARN_UNUSED_FUNCTION = YES;
				GCC_WARN_UNUSED_VARIABLE = YES;
				IPHONEOS_DEPLOYMENT_TARGET = 8.4;
				MTL_ENABLE_DEBUG_INFO = NO;
				SDKROOT = iphoneos;
				TARGETED_DEVICE_FAMILY = "1,2";
				VALIDATE_PRODUCT = YES;
			};
			name = Release;
		};
		87DD409A1B594527009384B0 /* Debug */ = {
			isa = XCBuildConfiguration;
			buildSettings = {
				ASSETCATALOG_COMPILER_APPICON_NAME = AppIcon;
				INFOPLIST_FILE = "Pitch Perfect/Info.plist";
				LD_RUNPATH_SEARCH_PATHS = "$(inherited) @executable_path/Frameworks";
				PRODUCT_NAME = "$(TARGET_NAME)";
			};
			name = Debug;
		};
		87DD409B1B594527009384B0 /* Release */ = {
			isa = XCBuildConfiguration;
			buildSettings = {
				ASSETCATALOG_COMPILER_APPICON_NAME = AppIcon;
				INFOPLIST_FILE = "Pitch Perfect/Info.plist";
				LD_RUNPATH_SEARCH_PATHS = "$(inherited) @executable_path/Frameworks";
				PRODUCT_NAME = "$(TARGET_NAME)";
			};
			name = Release;
		};
		87DD409D1B594527009384B0 /* Debug */ = {
			isa = XCBuildConfiguration;
			buildSettings = {
				BUNDLE_LOADER = "$(TEST_HOST)";
				FRAMEWORK_SEARCH_PATHS = (
					"$(SDKROOT)/Developer/Library/Frameworks",
					"$(inherited)",
				);
				GCC_PREPROCESSOR_DEFINITIONS = (
					"DEBUG=1",
					"$(inherited)",
				);
				INFOPLIST_FILE = "Pitch PerfectTests/Info.plist";
				LD_RUNPATH_SEARCH_PATHS = "$(inherited) @executable_path/Frameworks @loader_path/Frameworks";
				PRODUCT_NAME = "$(TARGET_NAME)";
				TEST_HOST = "$(BUILT_PRODUCTS_DIR)/Pitch Perfect.app/Pitch Perfect";
			};
			name = Debug;
		};
		87DD409E1B594527009384B0 /* Release */ = {
			isa = XCBuildConfiguration;
			buildSettings = {
				BUNDLE_LOADER = "$(TEST_HOST)";
				FRAMEWORK_SEARCH_PATHS = (
					"$(SDKROOT)/Developer/Library/Frameworks",
					"$(inherited)",
				);
				INFOPLIST_FILE = "Pitch PerfectTests/Info.plist";
				LD_RUNPATH_SEARCH_PATHS = "$(inherited) @executable_path/Frameworks @loader_path/Frameworks";
				PRODUCT_NAME = "$(TARGET_NAME)";
				TEST_HOST = "$(BUILT_PRODUCTS_DIR)/Pitch Perfect.app/Pitch Perfect";
			};
			name = Release;
		};
/* End XCBuildConfiguration section */

/* Begin XCConfigurationList section */
		87DD40751B594527009384B0 /* Build configuration list for PBXProject "Pitch Perfect" */ = {
			isa = XCConfigurationList;
			buildConfigurations = (
				87DD40971B594527009384B0 /* Debug */,
				87DD40981B594527009384B0 /* Release */,
			);
			defaultConfigurationIsVisible = 0;
			defaultConfigurationName = Release;
		};
		87DD40991B594527009384B0 /* Build configuration list for PBXNativeTarget "Pitch Perfect" */ = {
			isa = XCConfigurationList;
			buildConfigurations = (
				87DD409A1B594527009384B0 /* Debug */,
				87DD409B1B594527009384B0 /* Release */,
			);
			defaultConfigurationIsVisible = 0;
			defaultConfigurationName = Release;
		};
		87DD409C1B594527009384B0 /* Build configuration list for PBXNativeTarget "Pitch PerfectTests" */ = {
			isa = XCConfigurationList;
			buildConfigurations = (
				87DD409D1B594527009384B0 /* Debug */,
				87DD409E1B594527009384B0 /* Release */,
			);
			defaultConfigurationIsVisible = 0;
			defaultConfigurationName = Release;
		};
/* End XCConfigurationList section */
	};
	rootObject = 87DD40721B594527009384B0 /* Project object */;
}
